// !$*UTF8*$!
{
	archiveVersion = 1;
	classes = {
	};
	objectVersion = 46;
	objects = {

/* Begin PBXBuildFile section */
		1965DBAF1E447C130064AD55 /* main.m in Sources */ = {isa = PBXBuildFile; fileRef = 1965DBAE1E447C130064AD55 /* main.m */; };
		1965DBB21E447C130064AD55 /* AppDelegate.mm in Sources */ = {isa = PBXBuildFile; fileRef = 1965DBB11E447C130064AD55 /* AppDelegate.mm */; };
		1965DBB51E447C130064AD55 /* ViewController.mm in Sources */ = {isa = PBXBuildFile; fileRef = 1965DBB41E447C130064AD55 /* ViewController.mm */; };
		1965DBB81E447C130064AD55 /* Main.storyboard in Resources */ = {isa = PBXBuildFile; fileRef = 1965DBB61E447C130064AD55 /* Main.storyboard */; };
		1965DBBA1E447C130064AD55 /* Assets.xcassets in Resources */ = {isa = PBXBuildFile; fileRef = 1965DBB91E447C130064AD55 /* Assets.xcassets */; };
		1965DBBD1E447C130064AD55 /* LaunchScreen.storyboard in Resources */ = {isa = PBXBuildFile; fileRef = 1965DBBB1E447C130064AD55 /* LaunchScreen.storyboard */; };
		19F82F1F1E44C2C300695409 /* ImageReader.mm in Sources */ = {isa = PBXBuildFile; fileRef = 19F82F1E1E44C2C300695409 /* ImageReader.mm */; };
		19F82F221E44D8D100695409 /* Accelerate.framework in Frameworks */ = {isa = PBXBuildFile; fileRef = 19F82F211E44D8D100695409 /* Accelerate.framework */; };
		19F82F271E44DB2000695409 /* libproto.a in Frameworks */ = {isa = PBXBuildFile; fileRef = 19F82F261E44DB2000695409 /* libproto.a */; };
		19F82F291E44DB4900695409 /* libprotobuf-lite.a in Frameworks */ = {isa = PBXBuildFile; fileRef = 19F82F281E44DB4900695409 /* libprotobuf-lite.a */; };
		19F82F2B1E44DBD900695409 /* libprotobuf.a in Frameworks */ = {isa = PBXBuildFile; fileRef = 19F82F2A1E44DBD900695409 /* libprotobuf.a */; };
		19F82F491E45783100695409 /* lenet_iter_10000.caffemodel in Resources */ = {isa = PBXBuildFile; fileRef = 19F82F471E45783100695409 /* lenet_iter_10000.caffemodel */; };
		19F82F4A1E45783100695409 /* lenet.prototxt in Resources */ = {isa = PBXBuildFile; fileRef = 19F82F481E45783100695409 /* lenet.prototxt */; };
		19F82F4E1E4595ED00695409 /* 61.png in Resources */ = {isa = PBXBuildFile; fileRef = 19F82F4D1E4595ED00695409 /* 61.png */; };
/* End PBXBuildFile section */

/* Begin PBXFileReference section */
		1965DBAA1E447C130064AD55 /* CaffeSimple.app */ = {isa = PBXFileReference; explicitFileType = wrapper.application; includeInIndex = 0; path = CaffeSimple.app; sourceTree = BUILT_PRODUCTS_DIR; };
		1965DBAE1E447C130064AD55 /* main.m */ = {isa = PBXFileReference; lastKnownFileType = sourcecode.c.objc; path = main.m; sourceTree = "<group>"; };
		1965DBB01E447C130064AD55 /* AppDelegate.h */ = {isa = PBXFileReference; lastKnownFileType = sourcecode.c.h; path = AppDelegate.h; sourceTree = "<group>"; };
		1965DBB11E447C130064AD55 /* AppDelegate.mm */ = {isa = PBXFileReference; lastKnownFileType = sourcecode.cpp.objcpp; path = AppDelegate.mm; sourceTree = "<group>"; };
		1965DBB31E447C130064AD55 /* ViewController.h */ = {isa = PBXFileReference; lastKnownFileType = sourcecode.c.h; path = ViewController.h; sourceTree = "<group>"; };
		1965DBB41E447C130064AD55 /* ViewController.mm */ = {isa = PBXFileReference; lastKnownFileType = sourcecode.cpp.objcpp; path = ViewController.mm; sourceTree = "<group>"; };
		1965DBB71E447C130064AD55 /* Base */ = {isa = PBXFileReference; lastKnownFileType = file.storyboard; name = Base; path = Base.lproj/Main.storyboard; sourceTree = "<group>"; };
		1965DBB91E447C130064AD55 /* Assets.xcassets */ = {isa = PBXFileReference; lastKnownFileType = folder.assetcatalog; path = Assets.xcassets; sourceTree = "<group>"; };
		1965DBBC1E447C130064AD55 /* Base */ = {isa = PBXFileReference; lastKnownFileType = file.storyboard; name = Base; path = Base.lproj/LaunchScreen.storyboard; sourceTree = "<group>"; };
		1965DBBE1E447C130064AD55 /* Info.plist */ = {isa = PBXFileReference; lastKnownFileType = text.plist.xml; path = Info.plist; sourceTree = "<group>"; };
		19F82F1B1E44BD1E00695409 /* ImageReader.h */ = {isa = PBXFileReference; lastKnownFileType = sourcecode.c.h; path = ImageReader.h; sourceTree = "<group>"; };
		19F82F1E1E44C2C300695409 /* ImageReader.mm */ = {isa = PBXFileReference; fileEncoding = 4; lastKnownFileType = sourcecode.cpp.objcpp; path = ImageReader.mm; sourceTree = "<group>"; };
		19F82F211E44D8D100695409 /* Accelerate.framework */ = {isa = PBXFileReference; lastKnownFileType = wrapper.framework; name = Accelerate.framework; path = System/Library/Frameworks/Accelerate.framework; sourceTree = SDKROOT; };
		19F82F231E44D9A100695409 /* libcaffe.a */ = {isa = PBXFileReference; lastKnownFileType = archive.ar; name = libcaffe.a; path = ../../../build/lib/libcaffe.a; sourceTree = "<group>"; };
		19F82F261E44DB2000695409 /* libproto.a */ = {isa = PBXFileReference; lastKnownFileType = archive.ar; name = libproto.a; path = ../../../build/lib/libproto.a; sourceTree = "<group>"; };
		19F82F281E44DB4900695409 /* libprotobuf-lite.a */ = {isa = PBXFileReference; lastKnownFileType = archive.ar; name = "libprotobuf-lite.a"; path = "../../../third_party/protobuf/protobuf/platform/x86_64/lib/libprotobuf-lite.a"; sourceTree = "<group>"; };
		19F82F2A1E44DBD900695409 /* libprotobuf.a */ = {isa = PBXFileReference; lastKnownFileType = archive.ar; name = libprotobuf.a; path = ../../../third_party/protobuf/protobuf/platform/x86_64/lib/libprotobuf.a; sourceTree = "<group>"; };
		19F82F471E45783100695409 /* lenet_iter_10000.caffemodel */ = {isa = PBXFileReference; lastKnownFileType = file; name = lenet_iter_10000.caffemodel; path = data/lenet_iter_10000.caffemodel; sourceTree = "<group>"; };
		19F82F481E45783100695409 /* lenet.prototxt */ = {isa = PBXFileReference; fileEncoding = 4; lastKnownFileType = text; name = lenet.prototxt; path = data/lenet.prototxt; sourceTree = "<group>"; };
		19F82F4D1E4595ED00695409 /* 61.png */ = {isa = PBXFileReference; lastKnownFileType = image.png; name = 61.png; path = data/61.png; sourceTree = "<group>"; };
/* End PBXFileReference section */

/* Begin PBXFrameworksBuildPhase section */
		1965DBA71E447C130064AD55 /* Frameworks */ = {
			isa = PBXFrameworksBuildPhase;
			buildActionMask = 2147483647;
			files = (
				19F82F2B1E44DBD900695409 /* libprotobuf.a in Frameworks */,
				19F82F291E44DB4900695409 /* libprotobuf-lite.a in Frameworks */,
				19F82F271E44DB2000695409 /* libproto.a in Frameworks */,
				19F82F221E44D8D100695409 /* Accelerate.framework in Frameworks */,
			);
			runOnlyForDeploymentPostprocessing = 0;
		};
/* End PBXFrameworksBuildPhase section */

/* Begin PBXGroup section */
		1965DBA11E447C130064AD55 = {
			isa = PBXGroup;
			children = (
				1965DBAC1E447C130064AD55 /* CaffeSimple */,
				1965DBAB1E447C130064AD55 /* Products */,
				19F82F201E44D8D100695409 /* Frameworks */,
			);
			sourceTree = "<group>";
		};
		1965DBAB1E447C130064AD55 /* Products */ = {
			isa = PBXGroup;
			children = (
				1965DBAA1E447C130064AD55 /* CaffeSimple.app */,
			);
			name = Products;
			sourceTree = "<group>";
		};
		1965DBAC1E447C130064AD55 /* CaffeSimple */ = {
			isa = PBXGroup;
			children = (
				19F82F4B1E45783D00695409 /* data */,
				1965DBB01E447C130064AD55 /* AppDelegate.h */,
				1965DBB11E447C130064AD55 /* AppDelegate.mm */,
				19F82F1B1E44BD1E00695409 /* ImageReader.h */,
				19F82F1E1E44C2C300695409 /* ImageReader.mm */,
				1965DBB31E447C130064AD55 /* ViewController.h */,
				1965DBB41E447C130064AD55 /* ViewController.mm */,
				1965DBB61E447C130064AD55 /* Main.storyboard */,
				1965DBB91E447C130064AD55 /* Assets.xcassets */,
				1965DBBB1E447C130064AD55 /* LaunchScreen.storyboard */,
				1965DBBE1E447C130064AD55 /* Info.plist */,
				1965DBAD1E447C130064AD55 /* Supporting Files */,
			);
			path = CaffeSimple;
			sourceTree = "<group>";
		};
		1965DBAD1E447C130064AD55 /* Supporting Files */ = {
			isa = PBXGroup;
			children = (
				1965DBAE1E447C130064AD55 /* main.m */,
			);
			name = "Supporting Files";
			sourceTree = "<group>";
		};
		19F82F201E44D8D100695409 /* Frameworks */ = {
			isa = PBXGroup;
			children = (
				19F82F2A1E44DBD900695409 /* libprotobuf.a */,
				19F82F281E44DB4900695409 /* libprotobuf-lite.a */,
				19F82F261E44DB2000695409 /* libproto.a */,
				19F82F231E44D9A100695409 /* libcaffe.a */,
				19F82F211E44D8D100695409 /* Accelerate.framework */,
			);
			name = Frameworks;
			sourceTree = "<group>";
		};
		19F82F4B1E45783D00695409 /* data */ = {
			isa = PBXGroup;
			children = (
				19F82F4D1E4595ED00695409 /* 61.png */,
				19F82F471E45783100695409 /* lenet_iter_10000.caffemodel */,
				19F82F481E45783100695409 /* lenet.prototxt */,
			);
			name = data;
			sourceTree = "<group>";
		};
/* End PBXGroup section */

/* Begin PBXNativeTarget section */
		1965DBA91E447C130064AD55 /* CaffeSimple */ = {
			isa = PBXNativeTarget;
			buildConfigurationList = 1965DBC11E447C130064AD55 /* Build configuration list for PBXNativeTarget "CaffeSimple" */;
			buildPhases = (
				1965DBA61E447C130064AD55 /* Sources */,
				1965DBA71E447C130064AD55 /* Frameworks */,
				1965DBA81E447C130064AD55 /* Resources */,
			);
			buildRules = (
			);
			dependencies = (
			);
			name = CaffeSimple;
			productName = CaffeSimple;
			productReference = 1965DBAA1E447C130064AD55 /* CaffeSimple.app */;
			productType = "com.apple.product-type.application";
		};
/* End PBXNativeTarget section */

/* Begin PBXProject section */
		1965DBA21E447C130064AD55 /* Project object */ = {
			isa = PBXProject;
			attributes = {
				LastUpgradeCheck = 0820;
				ORGANIZATIONNAME = com.yangwenbo;
				TargetAttributes = {
					1965DBA91E447C130064AD55 = {
						CreatedOnToolsVersion = 8.2.1;
						DevelopmentTeam = 4X58F8M83Y;
						ProvisioningStyle = Automatic;
					};
				};
			};
			buildConfigurationList = 1965DBA51E447C130064AD55 /* Build configuration list for PBXProject "CaffeSimple" */;
			compatibilityVersion = "Xcode 3.2";
			developmentRegion = English;
			hasScannedForEncodings = 0;
			knownRegions = (
				en,
				Base,
			);
			mainGroup = 1965DBA11E447C130064AD55;
			productRefGroup = 1965DBAB1E447C130064AD55 /* Products */;
			projectDirPath = "";
			projectRoot = "";
			targets = (
				1965DBA91E447C130064AD55 /* CaffeSimple */,
			);
		};
/* End PBXProject section */

/* Begin PBXResourcesBuildPhase section */
		1965DBA81E447C130064AD55 /* Resources */ = {
			isa = PBXResourcesBuildPhase;
			buildActionMask = 2147483647;
			files = (
				19F82F4E1E4595ED00695409 /* 61.png in Resources */,
				1965DBBD1E447C130064AD55 /* LaunchScreen.storyboard in Resources */,
				1965DBBA1E447C130064AD55 /* Assets.xcassets in Resources */,
				19F82F491E45783100695409 /* lenet_iter_10000.caffemodel in Resources */,
				1965DBB81E447C130064AD55 /* Main.storyboard in Resources */,
				19F82F4A1E45783100695409 /* lenet.prototxt in Resources */,
			);
			runOnlyForDeploymentPostprocessing = 0;
		};
/* End PBXResourcesBuildPhase section */

/* Begin PBXSourcesBuildPhase section */
		1965DBA61E447C130064AD55 /* Sources */ = {
			isa = PBXSourcesBuildPhase;
			buildActionMask = 2147483647;
			files = (
				19F82F1F1E44C2C300695409 /* ImageReader.mm in Sources */,
				1965DBB51E447C130064AD55 /* ViewController.mm in Sources */,
				1965DBB21E447C130064AD55 /* AppDelegate.mm in Sources */,
				1965DBAF1E447C130064AD55 /* main.m in Sources */,
			);
			runOnlyForDeploymentPostprocessing = 0;
		};
/* End PBXSourcesBuildPhase section */

/* Begin PBXVariantGroup section */
		1965DBB61E447C130064AD55 /* Main.storyboard */ = {
			isa = PBXVariantGroup;
			children = (
				1965DBB71E447C130064AD55 /* Base */,
			);
			name = Main.storyboard;
			sourceTree = "<group>";
		};
		1965DBBB1E447C130064AD55 /* LaunchScreen.storyboard */ = {
			isa = PBXVariantGroup;
			children = (
				1965DBBC1E447C130064AD55 /* Base */,
			);
			name = LaunchScreen.storyboard;
			sourceTree = "<group>";
		};
/* End PBXVariantGroup section */

/* Begin XCBuildConfiguration section */
		1965DBBF1E447C130064AD55 /* Debug */ = {
			isa = XCBuildConfiguration;
			buildSettings = {
				ALWAYS_SEARCH_USER_PATHS = NO;
				CLANG_ANALYZER_NONNULL = YES;
				CLANG_CXX_LANGUAGE_STANDARD = "c++0x";
				CLANG_CXX_LIBRARY = "libc++";
				CLANG_ENABLE_MODULES = YES;
				CLANG_ENABLE_OBJC_ARC = YES;
				CLANG_WARN_BOOL_CONVERSION = YES;
				CLANG_WARN_CONSTANT_CONVERSION = YES;
				CLANG_WARN_DIRECT_OBJC_ISA_USAGE = YES_ERROR;
				CLANG_WARN_DOCUMENTATION_COMMENTS = YES;
				CLANG_WARN_EMPTY_BODY = YES;
				CLANG_WARN_ENUM_CONVERSION = YES;
				CLANG_WARN_INFINITE_RECURSION = YES;
				CLANG_WARN_INT_CONVERSION = YES;
				CLANG_WARN_OBJC_ROOT_CLASS = YES_ERROR;
				CLANG_WARN_SUSPICIOUS_MOVE = YES;
				CLANG_WARN_UNREACHABLE_CODE = YES;
				CLANG_WARN__DUPLICATE_METHOD_MATCH = YES;
				"CODE_SIGN_IDENTITY[sdk=iphoneos*]" = "iPhone Developer";
				COPY_PHASE_STRIP = NO;
				DEBUG_INFORMATION_FORMAT = dwarf;
				ENABLE_STRICT_OBJC_MSGSEND = YES;
				ENABLE_TESTABILITY = YES;
				GCC_C_LANGUAGE_STANDARD = gnu99;
				GCC_DYNAMIC_NO_PIC = NO;
				GCC_NO_COMMON_BLOCKS = YES;
				GCC_OPTIMIZATION_LEVEL = 0;
				GCC_PREPROCESSOR_DEFINITIONS = (
					CPU_ONLY,
					USE_ACCELERATE,
				);
				GCC_WARN_64_TO_32_BIT_CONVERSION = YES;
				GCC_WARN_ABOUT_RETURN_TYPE = YES_ERROR;
				GCC_WARN_UNDECLARED_SELECTOR = YES;
				GCC_WARN_UNINITIALIZED_AUTOS = YES_AGGRESSIVE;
				GCC_WARN_UNUSED_FUNCTION = YES;
				GCC_WARN_UNUSED_VARIABLE = YES;
				HEADER_SEARCH_PATHS = (
					../../../include,
					../../../build/include,
					../../../third_party/protobuf/include,
				);
				IPHONEOS_DEPLOYMENT_TARGET = 10.2;
				LIBRARY_SEARCH_PATHS = (
					../../../build/lib,
					../../../third_party/protobuf/lib,
				);
				MTL_ENABLE_DEBUG_INFO = YES;
				ONLY_ACTIVE_ARCH = YES;
				OTHER_LDFLAGS = (
					"-Wl,-force_load",
					../../../build/lib/libcaffe.a,
				);
				SDKROOT = iphoneos;
			};
			name = Debug;
		};
		1965DBC01E447C130064AD55 /* Release */ = {
			isa = XCBuildConfiguration;
			buildSettings = {
				ALWAYS_SEARCH_USER_PATHS = NO;
				CLANG_ANALYZER_NONNULL = YES;
				CLANG_CXX_LANGUAGE_STANDARD = "c++0x";
				CLANG_CXX_LIBRARY = "libc++";
				CLANG_ENABLE_MODULES = YES;
				CLANG_ENABLE_OBJC_ARC = YES;
				CLANG_WARN_BOOL_CONVERSION = YES;
				CLANG_WARN_CONSTANT_CONVERSION = YES;
				CLANG_WARN_DIRECT_OBJC_ISA_USAGE = YES_ERROR;
				CLANG_WARN_DOCUMENTATION_COMMENTS = YES;
				CLANG_WARN_EMPTY_BODY = YES;
				CLANG_WARN_ENUM_CONVERSION = YES;
				CLANG_WARN_INFINITE_RECURSION = YES;
				CLANG_WARN_INT_CONVERSION = YES;
				CLANG_WARN_OBJC_ROOT_CLASS = YES_ERROR;
				CLANG_WARN_SUSPICIOUS_MOVE = YES;
				CLANG_WARN_UNREACHABLE_CODE = YES;
				CLANG_WARN__DUPLICATE_METHOD_MATCH = YES;
				"CODE_SIGN_IDENTITY[sdk=iphoneos*]" = "iPhone Developer";
				COPY_PHASE_STRIP = NO;
				DEBUG_INFORMATION_FORMAT = "dwarf-with-dsym";
				ENABLE_NS_ASSERTIONS = NO;
				ENABLE_STRICT_OBJC_MSGSEND = YES;
				GCC_C_LANGUAGE_STANDARD = gnu99;
				GCC_NO_COMMON_BLOCKS = YES;
				GCC_PREPROCESSOR_DEFINITIONS = (
					CPU_ONLY,
					USE_ACCELERATE,
				);
				GCC_WARN_64_TO_32_BIT_CONVERSION = YES;
				GCC_WARN_ABOUT_RETURN_TYPE = YES_ERROR;
				GCC_WARN_UNDECLARED_SELECTOR = YES;
				GCC_WARN_UNINITIALIZED_AUTOS = YES_AGGRESSIVE;
				GCC_WARN_UNUSED_FUNCTION = YES;
				GCC_WARN_UNUSED_VARIABLE = YES;
				HEADER_SEARCH_PATHS = (
					../../../include,
					../../../build/include,
					../../../third_party/protobuf/include,
				);
				IPHONEOS_DEPLOYMENT_TARGET = 10.2;
				LIBRARY_SEARCH_PATHS = (
					../../../build/lib,
					../../../third_party/protobuf/protobuf/platform/x86_64/lib,
				);
				MTL_ENABLE_DEBUG_INFO = NO;
				OTHER_LDFLAGS = (
					"-Wl,-force_load",
					../../../build/lib/libcaffe.a,
				);
				SDKROOT = iphoneos;
				VALIDATE_PRODUCT = YES;
			};
			name = Release;
		};
		1965DBC21E447C130064AD55 /* Debug */ = {
			isa = XCBuildConfiguration;
			buildSettings = {
				ASSETCATALOG_COMPILER_APPICON_NAME = AppIcon;
				DEVELOPMENT_TEAM = 4X58F8M83Y;
				INFOPLIST_FILE = CaffeSimple/Info.plist;
				LD_RUNPATH_SEARCH_PATHS = "$(inherited) @executable_path/Frameworks";
				PRODUCT_BUNDLE_IDENTIFIER = com.yangwenbo.CaffeSimple;
				PRODUCT_NAME = "$(TARGET_NAME)";
			};
			name = Debug;
		};
		1965DBC31E447C130064AD55 /* Release */ = {
			isa = XCBuildConfiguration;
			buildSettings = {
				ASSETCATALOG_COMPILER_APPICON_NAME = AppIcon;
				DEVELOPMENT_TEAM = 4X58F8M83Y;
				INFOPLIST_FILE = CaffeSimple/Info.plist;
				LD_RUNPATH_SEARCH_PATHS = "$(inherited) @executable_path/Frameworks";
				PRODUCT_BUNDLE_IDENTIFIER = com.yangwenbo.CaffeSimple;
				PRODUCT_NAME = "$(TARGET_NAME)";
			};
			name = Release;
		};
/* End XCBuildConfiguration section */

/* Begin XCConfigurationList section */
		1965DBA51E447C130064AD55 /* Build configuration list for PBXProject "CaffeSimple" */ = {
			isa = XCConfigurationList;
			buildConfigurations = (
				1965DBBF1E447C130064AD55 /* Debug */,
				1965DBC01E447C130064AD55 /* Release */,
			);
			defaultConfigurationIsVisible = 0;
			defaultConfigurationName = Release;
		};
		1965DBC11E447C130064AD55 /* Build configuration list for PBXNativeTarget "CaffeSimple" */ = {
			isa = XCConfigurationList;
			buildConfigurations = (
				1965DBC21E447C130064AD55 /* Debug */,
				1965DBC31E447C130064AD55 /* Release */,
			);
			defaultConfigurationIsVisible = 0;
			defaultConfigurationName = Release;
		};
/* End XCConfigurationList section */
	};
	rootObject = 1965DBA21E447C130064AD55 /* Project object */;
}
